
Microsoft Visual Studio Solution File, Format Version 12.00
# Visual Studio 15
VisualStudioVersion = 15.0.27428.2027
MinimumVisualStudioVersion = 10.0.40219.1
Project("{9A19103F-16F7-4668-BE54-9A1E7A4F7556}") = "LambdaAlexa", "LambdaAlexa\LambdaAlexa.csproj", "{7A134BBB-F9E9-4D8F-A2C5-B7891E993442}"
EndProject
Global
	GlobalSection(SolutionConfigurationPlatforms) = preSolution
		Debug|Any CPU = Debug|Any CPU
		Release|Any CPU = Release|Any CPU
	EndGlobalSection
	GlobalSection(ProjectConfigurationPlatforms) = postSolution
		{7A134BBB-F9E9-4D8F-A2C5-B7891E993442}.Debug|Any CPU.ActiveCfg = Debug|Any CPU
		{7A134BBB-F9E9-4D8F-A2C5-B7891E993442}.Debug|Any CPU.Build.0 = Debug|Any CPU
		{7A134BBB-F9E9-4D8F-A2C5-B7891E993442}.Release|Any CPU.ActiveCfg = Release|Any CPU
		{7A134BBB-F9E9-4D8F-A2C5-B7891E993442}.Release|Any CPU.Build.0 = Release|Any CPU
	EndGlobalSection
	GlobalSection(SolutionProperties) = preSolution
		HideSolutionNode = FALSE
	EndGlobalSection
	GlobalSection(ExtensibilityGlobals) = postSolution
		SolutionGuid = {9E8C0960-EBB4-4CE6-8DE6-EB717A1C7E1A}
	EndGlobalSection
EndGlobal
